
Microsoft Visual Studio Solution File, Format Version 12.00
# Visual Studio Version 17
VisualStudioVersion = 17.5.2.0
MinimumVisualStudioVersion = 10.0.40219.1
Project("{FAE04EC0-301F-11D3-BF4B-00C04F79EFBC}") = "Principal", "Principal\Principal.csproj", "{C295C064-034B-4800-8928-3111E13D23A1}"
EndProject
Project("{FAE04EC0-301F-11D3-BF4B-00C04F79EFBC}") = "Payment", "Payment\Payment.csproj", "{75BABACF-C2B6-4B83-9B56-F90D3D9A6182}"
EndProject
Project("{FAE04EC0-301F-11D3-BF4B-00C04F79EFBC}") = "Notification", "Notification\Notification.csproj", "{B9E7210E-B54F-4262-BD6E-64D360DE5859}"
EndProject
Project("{FAE04EC0-301F-11D3-BF4B-00C04F79EFBC}") = "Api", "Api\Api.csproj", "{70F76A91-60DD-4322-A43A-A8F30AF58A23}"
EndProject
Project("{FAE04EC0-301F-11D3-BF4B-00C04F79EFBC}") = "Booking", "Booking\Booking.csproj", "{64CF75C3-EB29-4B62-B150-E3D133EF0A13}"
EndProject
Global
	GlobalSection(SolutionConfigurationPlatforms) = preSolution
		Debug|Any CPU = Debug|Any CPU
		Debug|x64 = Debug|x64
		Debug|x86 = Debug|x86
		Release|Any CPU = Release|Any CPU
		Release|x64 = Release|x64
		Release|x86 = Release|x86
	EndGlobalSection
	GlobalSection(ProjectConfigurationPlatforms) = postSolution
		{C295C064-034B-4800-8928-3111E13D23A1}.Debug|Any CPU.ActiveCfg = Debug|Any CPU
		{C295C064-034B-4800-8928-3111E13D23A1}.Debug|Any CPU.Build.0 = Debug|Any CPU
		{C295C064-034B-4800-8928-3111E13D23A1}.Debug|x64.ActiveCfg = Debug|Any CPU
		{C295C064-034B-4800-8928-3111E13D23A1}.Debug|x64.Build.0 = Debug|Any CPU
		{C295C064-034B-4800-8928-3111E13D23A1}.Debug|x86.ActiveCfg = Debug|Any CPU
		{C295C064-034B-4800-8928-3111E13D23A1}.Debug|x86.Build.0 = Debug|Any CPU
		{C295C064-034B-4800-8928-3111E13D23A1}.Release|Any CPU.ActiveCfg = Release|Any CPU
		{C295C064-034B-4800-8928-3111E13D23A1}.Release|Any CPU.Build.0 = Release|Any CPU
		{C295C064-034B-4800-8928-3111E13D23A1}.Release|x64.ActiveCfg = Release|Any CPU
		{C295C064-034B-4800-8928-3111E13D23A1}.Release|x64.Build.0 = Release|Any CPU
		{C295C064-034B-4800-8928-3111E13D23A1}.Release|x86.ActiveCfg = Release|Any CPU
		{C295C064-034B-4800-8928-3111E13D23A1}.Release|x86.Build.0 = Release|Any CPU
		{75BABACF-C2B6-4B83-9B56-F90D3D9A6182}.Debug|Any CPU.ActiveCfg = Debug|Any CPU
		{75BABACF-C2B6-4B83-9B56-F90D3D9A6182}.Debug|Any CPU.Build.0 = Debug|Any CPU
		{75BABACF-C2B6-4B83-9B56-F90D3D9A6182}.Debug|x64.ActiveCfg = Debug|Any CPU
		{75BABACF-C2B6-4B83-9B56-F90D3D9A6182}.Debug|x64.Build.0 = Debug|Any CPU
		{75BABACF-C2B6-4B83-9B56-F90D3D9A6182}.Debug|x86.ActiveCfg = Debug|Any CPU
		{75BABACF-C2B6-4B83-9B56-F90D3D9A6182}.Debug|x86.Build.0 = Debug|Any CPU
		{75BABACF-C2B6-4B83-9B56-F90D3D9A6182}.Release|Any CPU.ActiveCfg = Release|Any CPU
		{75BABACF-C2B6-4B83-9B56-F90D3D9A6182}.Release|Any CPU.Build.0 = Release|Any CPU
		{75BABACF-C2B6-4B83-9B56-F90D3D9A6182}.Release|x64.ActiveCfg = Release|Any CPU
		{75BABACF-C2B6-4B83-9B56-F90D3D9A6182}.Release|x64.Build.0 = Release|Any CPU
		{75BABACF-C2B6-4B83-9B56-F90D3D9A6182}.Release|x86.ActiveCfg = Release|Any CPU
		{75BABACF-C2B6-4B83-9B56-F90D3D9A6182}.Release|x86.Build.0 = Release|Any CPU
		{B9E7210E-B54F-4262-BD6E-64D360DE5859}.Debug|Any CPU.ActiveCfg = Debug|Any CPU
		{B9E7210E-B54F-4262-BD6E-64D360DE5859}.Debug|Any CPU.Build.0 = Debug|Any CPU
		{B9E7210E-B54F-4262-BD6E-64D360DE5859}.Debug|x64.ActiveCfg = Debug|Any CPU
		{B9E7210E-B54F-4262-BD6E-64D360DE5859}.Debug|x64.Build.0 = Debug|Any CPU
		{B9E7210E-B54F-4262-BD6E-64D360DE5859}.Debug|x86.ActiveCfg = Debug|Any CPU
		{B9E7210E-B54F-4262-BD6E-64D360DE5859}.Debug|x86.Build.0 = Debug|Any CPU
		{B9E7210E-B54F-4262-BD6E-64D360DE5859}.Release|Any CPU.ActiveCfg = Release|Any CPU
		{B9E7210E-B54F-4262-BD6E-64D360DE5859}.Release|Any CPU.Build.0 = Release|Any CPU
		{B9E7210E-B54F-4262-BD6E-64D360DE5859}.Release|x64.ActiveCfg = Release|Any CPU
		{B9E7210E-B54F-4262-BD6E-64D360DE5859}.Release|x64.Build.0 = Release|Any CPU
		{B9E7210E-B54F-4262-BD6E-64D360DE5859}.Release|x86.ActiveCfg = Release|Any CPU
		{B9E7210E-B54F-4262-BD6E-64D360DE5859}.Release|x86.Build.0 = Release|Any CPU
		{70F76A91-60DD-4322-A43A-A8F30AF58A23}.Debug|Any CPU.ActiveCfg = Debug|Any CPU
		{70F76A91-60DD-4322-A43A-A8F30AF58A23}.Debug|Any CPU.Build.0 = Debug|Any CPU
		{70F76A91-60DD-4322-A43A-A8F30AF58A23}.Debug|x64.ActiveCfg = Debug|Any CPU
		{70F76A91-60DD-4322-A43A-A8F30AF58A23}.Debug|x64.Build.0 = Debug|Any CPU
		{70F76A91-60DD-4322-A43A-A8F30AF58A23}.Debug|x86.ActiveCfg = Debug|Any CPU
		{70F76A91-60DD-4322-A43A-A8F30AF58A23}.Debug|x86.Build.0 = Debug|Any CPU
		{70F76A91-60DD-4322-A43A-A8F30AF58A23}.Release|Any CPU.ActiveCfg = Release|Any CPU
		{70F76A91-60DD-4322-A43A-A8F30AF58A23}.Release|Any CPU.Build.0 = Release|Any CPU
		{70F76A91-60DD-4322-A43A-A8F30AF58A23}.Release|x64.ActiveCfg = Release|Any CPU
		{70F76A91-60DD-4322-A43A-A8F30AF58A23}.Release|x64.Build.0 = Release|Any CPU
		{70F76A91-60DD-4322-A43A-A8F30AF58A23}.Release|x86.ActiveCfg = Release|Any CPU
		{70F76A91-60DD-4322-A43A-A8F30AF58A23}.Release|x86.Build.0 = Release|Any CPU
		{64CF75C3-EB29-4B62-B150-E3D133EF0A13}.Debug|Any CPU.ActiveCfg = Debug|Any CPU
		{64CF75C3-EB29-4B62-B150-E3D133EF0A13}.Debug|Any CPU.Build.0 = Debug|Any CPU
		{64CF75C3-EB29-4B62-B150-E3D133EF0A13}.Debug|x64.ActiveCfg = Debug|Any CPU
		{64CF75C3-EB29-4B62-B150-E3D133EF0A13}.Debug|x64.Build.0 = Debug|Any CPU
		{64CF75C3-EB29-4B62-B150-E3D133EF0A13}.Debug|x86.ActiveCfg = Debug|Any CPU
		{64CF75C3-EB29-4B62-B150-E3D133EF0A13}.Debug|x86.Build.0 = Debug|Any CPU
		{64CF75C3-EB29-4B62-B150-E3D133EF0A13}.Release|Any CPU.ActiveCfg = Release|Any CPU
		{64CF75C3-EB29-4B62-B150-E3D133EF0A13}.Release|Any CPU.Build.0 = Release|Any CPU
		{64CF75C3-EB29-4B62-B150-E3D133EF0A13}.Release|x64.ActiveCfg = Release|Any CPU
		{64CF75C3-EB29-4B62-B150-E3D133EF0A13}.Release|x64.Build.0 = Release|Any CPU
		{64CF75C3-EB29-4B62-B150-E3D133EF0A13}.Release|x86.ActiveCfg = Release|Any CPU
		{64CF75C3-EB29-4B62-B150-E3D133EF0A13}.Release|x86.Build.0 = Release|Any CPU
	EndGlobalSection
	GlobalSection(SolutionProperties) = preSolution
		HideSolutionNode = FALSE
	EndGlobalSection
	GlobalSection(ExtensibilityGlobals) = postSolution
		SolutionGuid = {70CCCE19-CF06-4509-8DCE-3ED26065C102}
	EndGlobalSection
EndGlobal
