
Microsoft Visual Studio Solution File, Format Version 12.00
# Visual Studio Version 17
VisualStudioVersion = 17.5.2.0
MinimumVisualStudioVersion = 10.0.40219.1
Project("{FAE04EC0-301F-11D3-BF4B-00C04F79EFBC}") = "Principal", "Principal\Principal.csproj", "{C295C064-034B-4800-8928-3111E13D23A1}"
EndProject
Project("{FAE04EC0-301F-11D3-BF4B-00C04F79EFBC}") = "Catalog", "Catalog\Catalog.csproj", "{8BF16E01-90D0-4508-92F5-32F2EAA1E8EF}"
EndProject
Project("{FAE04EC0-301F-11D3-BF4B-00C04F79EFBC}") = "Reservation", "Reservation\Reservation.csproj", "{831CB90E-60A8-4DAA-A177-4451C96F1073}"
EndProject
Project("{FAE04EC0-301F-11D3-BF4B-00C04F79EFBC}") = "Calendar", "Calendar\Calendar.csproj", "{1147AFA7-75EC-424F-9F3F-4E22A1552253}"
EndProject
Project("{FAE04EC0-301F-11D3-BF4B-00C04F79EFBC}") = "Payment", "Payment\Payment.csproj", "{75BABACF-C2B6-4B83-9B56-F90D3D9A6182}"
EndProject
Project("{FAE04EC0-301F-11D3-BF4B-00C04F79EFBC}") = "Review", "Review\Review.csproj", "{3337481A-0AD5-4922-861F-95ACA4F5313D}"
EndProject
Project("{FAE04EC0-301F-11D3-BF4B-00C04F79EFBC}") = "Notification", "Notification\Notification.csproj", "{B9E7210E-B54F-4262-BD6E-64D360DE5859}"
EndProject
Project("{FAE04EC0-301F-11D3-BF4B-00C04F79EFBC}") = "Api", "Api\Api.csproj", "{70F76A91-60DD-4322-A43A-A8F30AF58A23}"
EndProject
Global
	GlobalSection(SolutionConfigurationPlatforms) = preSolution
		Debug|Any CPU = Debug|Any CPU
		Debug|x64 = Debug|x64
		Debug|x86 = Debug|x86
		Release|Any CPU = Release|Any CPU
		Release|x64 = Release|x64
		Release|x86 = Release|x86
	EndGlobalSection
	GlobalSection(ProjectConfigurationPlatforms) = postSolution
		{817E7C3B-531B-7817-454A-3ECCD901CBEB}.Debug|Any CPU.ActiveCfg = Debug|Any CPU
		{817E7C3B-531B-7817-454A-3ECCD901CBEB}.Debug|Any CPU.Build.0 = Debug|Any CPU
		{817E7C3B-531B-7817-454A-3ECCD901CBEB}.Debug|x64.ActiveCfg = Debug|Any CPU
		{817E7C3B-531B-7817-454A-3ECCD901CBEB}.Debug|x64.Build.0 = Debug|Any CPU
		{817E7C3B-531B-7817-454A-3ECCD901CBEB}.Debug|x86.ActiveCfg = Debug|Any CPU
		{817E7C3B-531B-7817-454A-3ECCD901CBEB}.Debug|x86.Build.0 = Debug|Any CPU
		{817E7C3B-531B-7817-454A-3ECCD901CBEB}.Release|Any CPU.ActiveCfg = Release|Any CPU
		{817E7C3B-531B-7817-454A-3ECCD901CBEB}.Release|Any CPU.Build.0 = Release|Any CPU
		{817E7C3B-531B-7817-454A-3ECCD901CBEB}.Release|x64.ActiveCfg = Release|Any CPU
		{817E7C3B-531B-7817-454A-3ECCD901CBEB}.Release|x64.Build.0 = Release|Any CPU
		{817E7C3B-531B-7817-454A-3ECCD901CBEB}.Release|x86.ActiveCfg = Release|Any CPU
		{817E7C3B-531B-7817-454A-3ECCD901CBEB}.Release|x86.Build.0 = Release|Any CPU
		{C295C064-034B-4800-8928-3111E13D23A1}.Debug|Any CPU.ActiveCfg = Debug|Any CPU
		{C295C064-034B-4800-8928-3111E13D23A1}.Debug|Any CPU.Build.0 = Debug|Any CPU
		{C295C064-034B-4800-8928-3111E13D23A1}.Debug|x64.ActiveCfg = Debug|Any CPU
		{C295C064-034B-4800-8928-3111E13D23A1}.Debug|x64.Build.0 = Debug|Any CPU
		{C295C064-034B-4800-8928-3111E13D23A1}.Debug|x86.ActiveCfg = Debug|Any CPU
		{C295C064-034B-4800-8928-3111E13D23A1}.Debug|x86.Build.0 = Debug|Any CPU
		{C295C064-034B-4800-8928-3111E13D23A1}.Release|Any CPU.ActiveCfg = Release|Any CPU
		{C295C064-034B-4800-8928-3111E13D23A1}.Release|Any CPU.Build.0 = Release|Any CPU
		{C295C064-034B-4800-8928-3111E13D23A1}.Release|x64.ActiveCfg = Release|Any CPU
		{C295C064-034B-4800-8928-3111E13D23A1}.Release|x64.Build.0 = Release|Any CPU
		{C295C064-034B-4800-8928-3111E13D23A1}.Release|x86.ActiveCfg = Release|Any CPU
		{C295C064-034B-4800-8928-3111E13D23A1}.Release|x86.Build.0 = Release|Any CPU
		{8BF16E01-90D0-4508-92F5-32F2EAA1E8EF}.Debug|Any CPU.ActiveCfg = Debug|Any CPU
		{8BF16E01-90D0-4508-92F5-32F2EAA1E8EF}.Debug|Any CPU.Build.0 = Debug|Any CPU
		{8BF16E01-90D0-4508-92F5-32F2EAA1E8EF}.Debug|x64.ActiveCfg = Debug|Any CPU
		{8BF16E01-90D0-4508-92F5-32F2EAA1E8EF}.Debug|x64.Build.0 = Debug|Any CPU
		{8BF16E01-90D0-4508-92F5-32F2EAA1E8EF}.Debug|x86.ActiveCfg = Debug|Any CPU
		{8BF16E01-90D0-4508-92F5-32F2EAA1E8EF}.Debug|x86.Build.0 = Debug|Any CPU
		{8BF16E01-90D0-4508-92F5-32F2EAA1E8EF}.Release|Any CPU.ActiveCfg = Release|Any CPU
		{8BF16E01-90D0-4508-92F5-32F2EAA1E8EF}.Release|Any CPU.Build.0 = Release|Any CPU
		{8BF16E01-90D0-4508-92F5-32F2EAA1E8EF}.Release|x64.ActiveCfg = Release|Any CPU
		{8BF16E01-90D0-4508-92F5-32F2EAA1E8EF}.Release|x64.Build.0 = Release|Any CPU
		{8BF16E01-90D0-4508-92F5-32F2EAA1E8EF}.Release|x86.ActiveCfg = Release|Any CPU
		{8BF16E01-90D0-4508-92F5-32F2EAA1E8EF}.Release|x86.Build.0 = Release|Any CPU
		{831CB90E-60A8-4DAA-A177-4451C96F1073}.Debug|Any CPU.ActiveCfg = Debug|Any CPU
		{831CB90E-60A8-4DAA-A177-4451C96F1073}.Debug|Any CPU.Build.0 = Debug|Any CPU
		{831CB90E-60A8-4DAA-A177-4451C96F1073}.Debug|x64.ActiveCfg = Debug|Any CPU
		{831CB90E-60A8-4DAA-A177-4451C96F1073}.Debug|x64.Build.0 = Debug|Any CPU
		{831CB90E-60A8-4DAA-A177-4451C96F1073}.Debug|x86.ActiveCfg = Debug|Any CPU
		{831CB90E-60A8-4DAA-A177-4451C96F1073}.Debug|x86.Build.0 = Debug|Any CPU
		{831CB90E-60A8-4DAA-A177-4451C96F1073}.Release|Any CPU.ActiveCfg = Release|Any CPU
		{831CB90E-60A8-4DAA-A177-4451C96F1073}.Release|Any CPU.Build.0 = Release|Any CPU
		{831CB90E-60A8-4DAA-A177-4451C96F1073}.Release|x64.ActiveCfg = Release|Any CPU
		{831CB90E-60A8-4DAA-A177-4451C96F1073}.Release|x64.Build.0 = Release|Any CPU
		{831CB90E-60A8-4DAA-A177-4451C96F1073}.Release|x86.ActiveCfg = Release|Any CPU
		{831CB90E-60A8-4DAA-A177-4451C96F1073}.Release|x86.Build.0 = Release|Any CPU
		{1147AFA7-75EC-424F-9F3F-4E22A1552253}.Debug|Any CPU.ActiveCfg = Debug|Any CPU
		{1147AFA7-75EC-424F-9F3F-4E22A1552253}.Debug|Any CPU.Build.0 = Debug|Any CPU
		{1147AFA7-75EC-424F-9F3F-4E22A1552253}.Debug|x64.ActiveCfg = Debug|Any CPU
		{1147AFA7-75EC-424F-9F3F-4E22A1552253}.Debug|x64.Build.0 = Debug|Any CPU
		{1147AFA7-75EC-424F-9F3F-4E22A1552253}.Debug|x86.ActiveCfg = Debug|Any CPU
		{1147AFA7-75EC-424F-9F3F-4E22A1552253}.Debug|x86.Build.0 = Debug|Any CPU
		{1147AFA7-75EC-424F-9F3F-4E22A1552253}.Release|Any CPU.ActiveCfg = Release|Any CPU
		{1147AFA7-75EC-424F-9F3F-4E22A1552253}.Release|Any CPU.Build.0 = Release|Any CPU
		{1147AFA7-75EC-424F-9F3F-4E22A1552253}.Release|x64.ActiveCfg = Release|Any CPU
		{1147AFA7-75EC-424F-9F3F-4E22A1552253}.Release|x64.Build.0 = Release|Any CPU
		{1147AFA7-75EC-424F-9F3F-4E22A1552253}.Release|x86.ActiveCfg = Release|Any CPU
		{1147AFA7-75EC-424F-9F3F-4E22A1552253}.Release|x86.Build.0 = Release|Any CPU
		{75BABACF-C2B6-4B83-9B56-F90D3D9A6182}.Debug|Any CPU.ActiveCfg = Debug|Any CPU
		{75BABACF-C2B6-4B83-9B56-F90D3D9A6182}.Debug|Any CPU.Build.0 = Debug|Any CPU
		{75BABACF-C2B6-4B83-9B56-F90D3D9A6182}.Debug|x64.ActiveCfg = Debug|Any CPU
		{75BABACF-C2B6-4B83-9B56-F90D3D9A6182}.Debug|x64.Build.0 = Debug|Any CPU
		{75BABACF-C2B6-4B83-9B56-F90D3D9A6182}.Debug|x86.ActiveCfg = Debug|Any CPU
		{75BABACF-C2B6-4B83-9B56-F90D3D9A6182}.Debug|x86.Build.0 = Debug|Any CPU
		{75BABACF-C2B6-4B83-9B56-F90D3D9A6182}.Release|Any CPU.ActiveCfg = Release|Any CPU
		{75BABACF-C2B6-4B83-9B56-F90D3D9A6182}.Release|Any CPU.Build.0 = Release|Any CPU
		{75BABACF-C2B6-4B83-9B56-F90D3D9A6182}.Release|x64.ActiveCfg = Release|Any CPU
		{75BABACF-C2B6-4B83-9B56-F90D3D9A6182}.Release|x64.Build.0 = Release|Any CPU
		{75BABACF-C2B6-4B83-9B56-F90D3D9A6182}.Release|x86.ActiveCfg = Release|Any CPU
		{75BABACF-C2B6-4B83-9B56-F90D3D9A6182}.Release|x86.Build.0 = Release|Any CPU
		{3337481A-0AD5-4922-861F-95ACA4F5313D}.Debug|Any CPU.ActiveCfg = Debug|Any CPU
		{3337481A-0AD5-4922-861F-95ACA4F5313D}.Debug|Any CPU.Build.0 = Debug|Any CPU
		{3337481A-0AD5-4922-861F-95ACA4F5313D}.Debug|x64.ActiveCfg = Debug|Any CPU
		{3337481A-0AD5-4922-861F-95ACA4F5313D}.Debug|x64.Build.0 = Debug|Any CPU
		{3337481A-0AD5-4922-861F-95ACA4F5313D}.Debug|x86.ActiveCfg = Debug|Any CPU
		{3337481A-0AD5-4922-861F-95ACA4F5313D}.Debug|x86.Build.0 = Debug|Any CPU
		{3337481A-0AD5-4922-861F-95ACA4F5313D}.Release|Any CPU.ActiveCfg = Release|Any CPU
		{3337481A-0AD5-4922-861F-95ACA4F5313D}.Release|Any CPU.Build.0 = Release|Any CPU
		{3337481A-0AD5-4922-861F-95ACA4F5313D}.Release|x64.ActiveCfg = Release|Any CPU
		{3337481A-0AD5-4922-861F-95ACA4F5313D}.Release|x64.Build.0 = Release|Any CPU
		{3337481A-0AD5-4922-861F-95ACA4F5313D}.Release|x86.ActiveCfg = Release|Any CPU
		{3337481A-0AD5-4922-861F-95ACA4F5313D}.Release|x86.Build.0 = Release|Any CPU
		{B9E7210E-B54F-4262-BD6E-64D360DE5859}.Debug|Any CPU.ActiveCfg = Debug|Any CPU
		{B9E7210E-B54F-4262-BD6E-64D360DE5859}.Debug|Any CPU.Build.0 = Debug|Any CPU
		{B9E7210E-B54F-4262-BD6E-64D360DE5859}.Debug|x64.ActiveCfg = Debug|Any CPU
		{B9E7210E-B54F-4262-BD6E-64D360DE5859}.Debug|x64.Build.0 = Debug|Any CPU
		{B9E7210E-B54F-4262-BD6E-64D360DE5859}.Debug|x86.ActiveCfg = Debug|Any CPU
		{B9E7210E-B54F-4262-BD6E-64D360DE5859}.Debug|x86.Build.0 = Debug|Any CPU
		{B9E7210E-B54F-4262-BD6E-64D360DE5859}.Release|Any CPU.ActiveCfg = Release|Any CPU
		{B9E7210E-B54F-4262-BD6E-64D360DE5859}.Release|Any CPU.Build.0 = Release|Any CPU
		{B9E7210E-B54F-4262-BD6E-64D360DE5859}.Release|x64.ActiveCfg = Release|Any CPU
		{B9E7210E-B54F-4262-BD6E-64D360DE5859}.Release|x64.Build.0 = Release|Any CPU
		{B9E7210E-B54F-4262-BD6E-64D360DE5859}.Release|x86.ActiveCfg = Release|Any CPU
		{B9E7210E-B54F-4262-BD6E-64D360DE5859}.Release|x86.Build.0 = Release|Any CPU
		{70F76A91-60DD-4322-A43A-A8F30AF58A23}.Debug|Any CPU.ActiveCfg = Debug|Any CPU
		{70F76A91-60DD-4322-A43A-A8F30AF58A23}.Debug|Any CPU.Build.0 = Debug|Any CPU
		{70F76A91-60DD-4322-A43A-A8F30AF58A23}.Debug|x64.ActiveCfg = Debug|Any CPU
		{70F76A91-60DD-4322-A43A-A8F30AF58A23}.Debug|x64.Build.0 = Debug|Any CPU
		{70F76A91-60DD-4322-A43A-A8F30AF58A23}.Debug|x86.ActiveCfg = Debug|Any CPU
		{70F76A91-60DD-4322-A43A-A8F30AF58A23}.Debug|x86.Build.0 = Debug|Any CPU
		{70F76A91-60DD-4322-A43A-A8F30AF58A23}.Release|Any CPU.ActiveCfg = Release|Any CPU
		{70F76A91-60DD-4322-A43A-A8F30AF58A23}.Release|Any CPU.Build.0 = Release|Any CPU
		{70F76A91-60DD-4322-A43A-A8F30AF58A23}.Release|x64.ActiveCfg = Release|Any CPU
		{70F76A91-60DD-4322-A43A-A8F30AF58A23}.Release|x64.Build.0 = Release|Any CPU
		{70F76A91-60DD-4322-A43A-A8F30AF58A23}.Release|x86.ActiveCfg = Release|Any CPU
		{70F76A91-60DD-4322-A43A-A8F30AF58A23}.Release|x86.Build.0 = Release|Any CPU
	EndGlobalSection
	GlobalSection(SolutionProperties) = preSolution
		HideSolutionNode = FALSE
	EndGlobalSection
	GlobalSection(ExtensibilityGlobals) = postSolution
		SolutionGuid = {70CCCE19-CF06-4509-8DCE-3ED26065C102}
	EndGlobalSection
EndGlobal
